schema: '2.0'
stages:
  ingest:
    cmd: uv run python -m src.ingestion.cli --n-rows 2000 --seed 42
    deps:
    - path: src/ingestion
      hash: md5
      md5: c28fe83494edb6eb6912fc3c68a62b78.dir
      size: 45360
      nfiles: 12
    outs:
    - path: data/processed/churn.csv
      hash: md5
      md5: ca160b1da43e2d488805c7119bf71426
      size: 270831
    - path: data/raw/churn.csv
      hash: md5
      md5: 4f3b2b4832cf2a61f5777472388abc56
      size: 284373
  featurize:
    cmd: uv run python -m src.features.build
    deps:
    - path: data/processed/churn.csv
      hash: md5
      md5: ca160b1da43e2d488805c7119bf71426
      size: 270831
    - path: src/features
      hash: md5
      md5: 84f42058c1938b3b8b8c1bcdc5fbbe11.dir
      size: 10951
      nfiles: 6
    - path: src/ingestion/clean.py
      hash: md5
      md5: 0a910cb1dea07302abd766e7c2f7ebbd
      size: 5934
    outs:
    - path: data/features/churn_features.csv
      hash: md5
      md5: 498f612c2227897d57bf362963f6d019
      size: 322464
  train:
    cmd: uv run python -m src.training.train
    deps:
    - path: data/features/churn_features.csv
      hash: md5
      md5: 498f612c2227897d57bf362963f6d019
      size: 322464
    - path: src/training
      hash: md5
      md5: 3aa5da46f0b14f08da0c2b5111b4fc47.dir
      size: 23434
      nfiles: 8
    outs:
    - path: metrics/train_metrics.json
      hash: md5
      md5: 3ae4f8945f40c0dfd81d4e9579785c56
      size: 782
  evaluate:
    cmd: uv run python -m src.evaluation.promote
    deps:
    - path: metrics/train_metrics.json
      hash: md5
      md5: 3ae4f8945f40c0dfd81d4e9579785c56
      size: 782
    - path: src/evaluation
      hash: md5
      md5: 01c61d1797c886597c82ed248b4c00cc.dir
      size: 21296
      nfiles: 6
    outs:
    - path: metrics/promotion_decision.json
      hash: md5
      md5: e9f0da9d8fe26327f30782efba344cef
      size: 361
  monitor:
    cmd: uv run python -m src.monitoring.drift
    deps:
    - path: data/features/churn_features.csv
      hash: md5
      md5: 498f612c2227897d57bf362963f6d019
      size: 322464
    - path: src/monitoring
      hash: md5
      md5: 83c18f3ef9d530f35f449ea2edaf7376.dir
      size: 18260
      nfiles: 4
    outs:
    - path: metrics/drift_report.html
      hash: md5
      md5: 21eda17bd566109f9a250870625546a1
      size: 4338334
    - path: metrics/drift_report.json
      hash: md5
      md5: 3519887af0000581cc5caf837c729e46
      size: 4359
